// !$*UTF8*$!
{
	archiveVersion = 1;
	classes = {
	};
	objectVersion = 46;
	objects = {

/* Begin PBXBuildFile section */
		79C7727E1E684BFE00FA9B70 /* AppDelegate.swift in Sources */ = {isa = PBXBuildFile; fileRef = 79C7727D1E684BFE00FA9B70 /* AppDelegate.swift */; };
		79C772801E684BFE00FA9B70 /* GameScene.swift in Sources */ = {isa = PBXBuildFile; fileRef = 79C7727F1E684BFE00FA9B70 /* GameScene.swift */; };
		79C772821E684BFE00FA9B70 /* GameScene.sks in Resources */ = {isa = PBXBuildFile; fileRef = 79C772811E684BFE00FA9B70 /* GameScene.sks */; };
		79C772841E684BFE00FA9B70 /* Assets.xcassets in Resources */ = {isa = PBXBuildFile; fileRef = 79C772831E684BFE00FA9B70 /* Assets.xcassets */; };
		79C772871E684BFE00FA9B70 /* MainMenu.xib in Resources */ = {isa = PBXBuildFile; fileRef = 79C772851E684BFE00FA9B70 /* MainMenu.xib */; };
		79C7728F1E684C3100FA9B70 /* salle verte1.png in Resources */ = {isa = PBXBuildFile; fileRef = 79C7728E1E684C3100FA9B70 /* salle verte1.png */; };
/* End PBXBuildFile section */

/* Begin PBXFileReference section */
		79C7727A1E684BFE00FA9B70 /* dungeon2.app */ = {isa = PBXFileReference; explicitFileType = wrapper.application; includeInIndex = 0; path = dungeon2.app; sourceTree = BUILT_PRODUCTS_DIR; };
		79C7727D1E684BFE00FA9B70 /* AppDelegate.swift */ = {isa = PBXFileReference; lastKnownFileType = sourcecode.swift; path = AppDelegate.swift; sourceTree = "<group>"; };
		79C7727F1E684BFE00FA9B70 /* GameScene.swift */ = {isa = PBXFileReference; lastKnownFileType = sourcecode.swift; path = GameScene.swift; sourceTree = "<group>"; };
		79C772811E684BFE00FA9B70 /* GameScene.sks */ = {isa = PBXFileReference; lastKnownFileType = file.sks; path = GameScene.sks; sourceTree = "<group>"; };
		79C772831E684BFE00FA9B70 /* Assets.xcassets */ = {isa = PBXFileReference; lastKnownFileType = folder.assetcatalog; path = Assets.xcassets; sourceTree = "<group>"; };
		79C772861E684BFE00FA9B70 /* Base */ = {isa = PBXFileReference; lastKnownFileType = file.xib; name = Base; path = Base.lproj/MainMenu.xib; sourceTree = "<group>"; };
		79C772881E684BFE00FA9B70 /* Info.plist */ = {isa = PBXFileReference; lastKnownFileType = text.plist.xml; path = Info.plist; sourceTree = "<group>"; };
		79C7728E1E684C3100FA9B70 /* salle verte1.png */ = {isa = PBXFileReference; lastKnownFileType = image.png; path = "salle verte1.png"; sourceTree = "<group>"; };
/* End PBXFileReference section */

/* Begin PBXFrameworksBuildPhase section */
		79C772771E684BFE00FA9B70 /* Frameworks */ = {
			isa = PBXFrameworksBuildPhase;
			buildActionMask = 2147483647;
			files = (
			);
			runOnlyForDeploymentPostprocessing = 0;
		};
/* End PBXFrameworksBuildPhase section */

/* Begin PBXGroup section */
		79C772711E684BFE00FA9B70 = {
			isa = PBXGroup;
			children = (
				79C7727C1E684BFE00FA9B70 /* dungeon2 */,
				79C7727B1E684BFE00FA9B70 /* Products */,
			);
			sourceTree = "<group>";
		};
		79C7727B1E684BFE00FA9B70 /* Products */ = {
			isa = PBXGroup;
			children = (
				79C7727A1E684BFE00FA9B70 /* dungeon2.app */,
			);
			name = Products;
			sourceTree = "<group>";
		};
		79C7727C1E684BFE00FA9B70 /* dungeon2 */ = {
			isa = PBXGroup;
			children = (
				79C7727D1E684BFE00FA9B70 /* AppDelegate.swift */,
				79C7727F1E684BFE00FA9B70 /* GameScene.swift */,
				79C772811E684BFE00FA9B70 /* GameScene.sks */,
				79C772831E684BFE00FA9B70 /* Assets.xcassets */,
				79C7728E1E684C3100FA9B70 /* salle verte1.png */,
				79C772851E684BFE00FA9B70 /* MainMenu.xib */,
				79C772881E684BFE00FA9B70 /* Info.plist */,
			);
			path = dungeon2;
			sourceTree = "<group>";
		};
/* End PBXGroup section */

/* Begin PBXNativeTarget section */
		79C772791E684BFE00FA9B70 /* dungeon2 */ = {
			isa = PBXNativeTarget;
			buildConfigurationList = 79C7728B1E684BFE00FA9B70 /* Build configuration list for PBXNativeTarget "dungeon2" */;
			buildPhases = (
				79C772761E684BFE00FA9B70 /* Sources */,
				79C772771E684BFE00FA9B70 /* Frameworks */,
				79C772781E684BFE00FA9B70 /* Resources */,
			);
			buildRules = (
			);
			dependencies = (
			);
			name = dungeon2;
			productName = dungeon2;
			productReference = 79C7727A1E684BFE00FA9B70 /* dungeon2.app */;
			productType = "com.apple.product-type.application";
		};
/* End PBXNativeTarget section */

/* Begin PBXProject section */
		79C772721E684BFE00FA9B70 /* Project object */ = {
			isa = PBXProject;
			attributes = {
				LastSwiftUpdateCheck = 0730;
				LastUpgradeCheck = 0730;
				ORGANIZATIONNAME = richard;
				TargetAttributes = {
					79C772791E684BFE00FA9B70 = {
						CreatedOnToolsVersion = 7.3.1;
					};
				};
			};
			buildConfigurationList = 79C772751E684BFE00FA9B70 /* Build configuration list for PBXProject "dungeon2" */;
			compatibilityVersion = "Xcode 3.2";
			developmentRegion = English;
			hasScannedForEncodings = 0;
			knownRegions = (
				en,
				Base,
			);
			mainGroup = 79C772711E684BFE00FA9B70;
			productRefGroup = 79C7727B1E684BFE00FA9B70 /* Products */;
			projectDirPath = "";
			projectRoot = "";
			targets = (
				79C772791E684BFE00FA9B70 /* dungeon2 */,
			);
		};
/* End PBXProject section */

/* Begin PBXResourcesBuildPhase section */
		79C772781E684BFE00FA9B70 /* Resources */ = {
			isa = PBXResourcesBuildPhase;
			buildActionMask = 2147483647;
			files = (
				79C772841E684BFE00FA9B70 /* Assets.xcassets in Resources */,
				79C772821E684BFE00FA9B70 /* GameScene.sks in Resources */,
				79C772871E684BFE00FA9B70 /* MainMenu.xib in Resources */,
				79C7728F1E684C3100FA9B70 /* salle verte1.png in Resources */,
			);
			runOnlyForDeploymentPostprocessing = 0;
		};
/* End PBXResourcesBuildPhase section */

/* Begin PBXSourcesBuildPhase section */
		79C772761E684BFE00FA9B70 /* Sources */ = {
			isa = PBXSourcesBuildPhase;
			buildActionMask = 2147483647;
			files = (
				79C772801E684BFE00FA9B70 /* GameScene.swift in Sources */,
				79C7727E1E684BFE00FA9B70 /* AppDelegate.swift in Sources */,
			);
			runOnlyForDeploymentPostprocessing = 0;
		};
/* End PBXSourcesBuildPhase section */

/* Begin PBXVariantGroup section */
		79C772851E684BFE00FA9B70 /* MainMenu.xib */ = {
			isa = PBXVariantGroup;
			children = (
				79C772861E684BFE00FA9B70 /* Base */,
			);
			name = MainMenu.xib;
			sourceTree = "<group>";
		};
/* End PBXVariantGroup section */

/* Begin XCBuildConfiguration section */
		79C772891E684BFE00FA9B70 /* Debug */ = {
			isa = XCBuildConfiguration;
			buildSettings = {
				ALWAYS_SEARCH_USER_PATHS = NO;
				CLANG_ANALYZER_NONNULL = YES;
				CLANG_CXX_LANGUAGE_STANDARD = "gnu++0x";
				CLANG_CXX_LIBRARY = "libc++";
				CLANG_ENABLE_MODULES = YES;
				CLANG_ENABLE_OBJC_ARC = YES;
				CLANG_WARN_BOOL_CONVERSION = YES;
				CLANG_WARN_CONSTANT_CONVERSION = YES;
				CLANG_WARN_DIRECT_OBJC_ISA_USAGE = YES_ERROR;
				CLANG_WARN_EMPTY_BODY = YES;
				CLANG_WARN_ENUM_CONVERSION = YES;
				CLANG_WARN_INT_CONVERSION = YES;
				CLANG_WARN_OBJC_ROOT_CLASS = YES_ERROR;
				CLANG_WARN_UNREACHABLE_CODE = YES;
				CLANG_WARN__DUPLICATE_METHOD_MATCH = YES;
				CODE_SIGN_IDENTITY = "-";
				COPY_PHASE_STRIP = NO;
				DEBUG_INFORMATION_FORMAT = "dwarf-with-dsym";
				ENABLE_STRICT_OBJC_MSGSEND = YES;
				ENABLE_TESTABILITY = YES;
				GCC_C_LANGUAGE_STANDARD = gnu99;
				GCC_DYNAMIC_NO_PIC = NO;
				GCC_NO_COMMON_BLOCKS = YES;
				GCC_OPTIMIZATION_LEVEL = 0;
				GCC_PREPROCESSOR_DEFINITIONS = (
					"DEBUG=1",
					"$(inherited)",
				);
				GCC_WARN_64_TO_32_BIT_CONVERSION = YES;
				GCC_WARN_ABOUT_RETURN_TYPE = YES_ERROR;
				GCC_WARN_UNDECLARED_SELECTOR = YES;
				GCC_WARN_UNINITIALIZED_AUTOS = YES_AGGRESSIVE;
				GCC_WARN_UNUSED_FUNCTION = YES;
				GCC_WARN_UNUSED_VARIABLE = YES;
				MACOSX_DEPLOYMENT_TARGET = 10.11;
				MTL_ENABLE_DEBUG_INFO = YES;
				ONLY_ACTIVE_ARCH = YES;
				SDKROOT = macosx;
				SWIFT_OPTIMIZATION_LEVEL = "-Onone";
			};
			name = Debug;
		};
		79C7728A1E684BFE00FA9B70 /* Release */ = {
			isa = XCBuildConfiguration;
			buildSettings = {
				ALWAYS_SEARCH_USER_PATHS = NO;
				CLANG_ANALYZER_NONNULL = YES;
				CLANG_CXX_LANGUAGE_STANDARD = "gnu++0x";
				CLANG_CXX_LIBRARY = "libc++";
				CLANG_ENABLE_MODULES = YES;
				CLANG_ENABLE_OBJC_ARC = YES;
				CLANG_WARN_BOOL_CONVERSION = YES;
				CLANG_WARN_CONSTANT_CONVERSION = YES;
				CLANG_WARN_DIRECT_OBJC_ISA_USAGE = YES_ERROR;
				CLANG_WARN_EMPTY_BODY = YES;
				CLANG_WARN_ENUM_CONVERSION = YES;
				CLANG_WARN_INT_CONVERSION = YES;
				CLANG_WARN_OBJC_ROOT_CLASS = YES_ERROR;
				CLANG_WARN_UNREACHABLE_CODE = YES;
				CLANG_WARN__DUPLICATE_METHOD_MATCH = YES;
				CODE_SIGN_IDENTITY = "-";
				COPY_PHASE_STRIP = NO;
				DEBUG_INFORMATION_FORMAT = "dwarf-with-dsym";
				ENABLE_NS_ASSERTIONS = NO;
				ENABLE_STRICT_OBJC_MSGSEND = YES;
				GCC_C_LANGUAGE_STANDARD = gnu99;
				GCC_NO_COMMON_BLOCKS = YES;
				GCC_WARN_64_TO_32_BIT_CONVERSION = YES;
				GCC_WARN_ABOUT_RETURN_TYPE = YES_ERROR;
				GCC_WARN_UNDECLARED_SELECTOR = YES;
				GCC_WARN_UNINITIALIZED_AUTOS = YES_AGGRESSIVE;
				GCC_WARN_UNUSED_FUNCTION = YES;
				GCC_WARN_UNUSED_VARIABLE = YES;
				MACOSX_DEPLOYMENT_TARGET = 10.11;
				MTL_ENABLE_DEBUG_INFO = NO;
				SDKROOT = macosx;
			};
			name = Release;
		};
		79C7728C1E684BFE00FA9B70 /* Debug */ = {
			isa = XCBuildConfiguration;
			buildSettings = {
				ASSETCATALOG_COMPILER_APPICON_NAME = AppIcon;
				COMBINE_HIDPI_IMAGES = YES;
				INFOPLIST_FILE = dungeon2/Info.plist;
				LD_RUNPATH_SEARCH_PATHS = "$(inherited) @executable_path/../Frameworks";
				PRODUCT_BUNDLE_IDENTIFIER = ierdre.dungeon2;
				PRODUCT_NAME = "$(TARGET_NAME)";
			};
			name = Debug;
		};
		79C7728D1E684BFE00FA9B70 /* Release */ = {
			isa = XCBuildConfiguration;
			buildSettings = {
				ASSETCATALOG_COMPILER_APPICON_NAME = AppIcon;
				COMBINE_HIDPI_IMAGES = YES;
				INFOPLIST_FILE = dungeon2/Info.plist;
				LD_RUNPATH_SEARCH_PATHS = "$(inherited) @executable_path/../Frameworks";
				PRODUCT_BUNDLE_IDENTIFIER = ierdre.dungeon2;
				PRODUCT_NAME = "$(TARGET_NAME)";
			};
			name = Release;
		};
/* End XCBuildConfiguration section */

/* Begin XCConfigurationList section */
		79C772751E684BFE00FA9B70 /* Build configuration list for PBXProject "dungeon2" */ = {
			isa = XCConfigurationList;
			buildConfigurations = (
				79C772891E684BFE00FA9B70 /* Debug */,
				79C7728A1E684BFE00FA9B70 /* Release */,
			);
			defaultConfigurationIsVisible = 0;
			defaultConfigurationName = Release;
		};
		79C7728B1E684BFE00FA9B70 /* Build configuration list for PBXNativeTarget "dungeon2" */ = {
			isa = XCConfigurationList;
			buildConfigurations = (
				79C7728C1E684BFE00FA9B70 /* Debug */,
				79C7728D1E684BFE00FA9B70 /* Release */,
			);
			defaultConfigurationIsVisible = 0;
		};
/* End XCConfigurationList section */
	};
	rootObject = 79C772721E684BFE00FA9B70 /* Project object */;
}
